
Microsoft Visual Studio Solution File, Format Version 11.00
# Visual Studio 2010
Project("{FAE04EC0-301F-11D3-BF4B-00C04F79EFBC}") = "GpioWeb", "GpioWeb\GpioWeb.csproj", "{198C83AA-D2DB-43EB-A0CD-0E7C3EB23C41}"
EndProject
Project("{FAE04EC0-301F-11D3-BF4B-00C04F79EFBC}") = "pcDuino.Net", "pcDuino.Net\pcDuino.Net.csproj", "{1AE75A7A-D4CF-47E8-8043-584257F9D66A}"
EndProject
Global
	GlobalSection(SolutionConfigurationPlatforms) = preSolution
		Debug|Any CPU = Debug|Any CPU
		Release|Any CPU = Release|Any CPU
	EndGlobalSection
	GlobalSection(ProjectConfigurationPlatforms) = postSolution
		{198C83AA-D2DB-43EB-A0CD-0E7C3EB23C41}.Debug|Any CPU.ActiveCfg = Debug|Any CPU
		{198C83AA-D2DB-43EB-A0CD-0E7C3EB23C41}.Debug|Any CPU.Build.0 = Debug|Any CPU
		{198C83AA-D2DB-43EB-A0CD-0E7C3EB23C41}.Release|Any CPU.ActiveCfg = Release|Any CPU
		{198C83AA-D2DB-43EB-A0CD-0E7C3EB23C41}.Release|Any CPU.Build.0 = Release|Any CPU
		{1AE75A7A-D4CF-47E8-8043-584257F9D66A}.Debug|Any CPU.ActiveCfg = Debug|Any CPU
		{1AE75A7A-D4CF-47E8-8043-584257F9D66A}.Debug|Any CPU.Build.0 = Debug|Any CPU
		{1AE75A7A-D4CF-47E8-8043-584257F9D66A}.Release|Any CPU.ActiveCfg = Release|Any CPU
		{1AE75A7A-D4CF-47E8-8043-584257F9D66A}.Release|Any CPU.Build.0 = Release|Any CPU
	EndGlobalSection
	GlobalSection(MonoDevelopProperties) = preSolution
		StartupItem = GpioWeb\GpioWeb.csproj
	EndGlobalSection
EndGlobal
